
Microsoft Visual Studio Solution File, Format Version 12.00
# Visual Studio Version 17
VisualStudioVersion = 17.14.36127.28 d17.14
MinimumVisualStudioVersion = 10.0.40219.1
Project("{FAE04EC0-301F-11D3-BF4B-00C04F79EFBC}") = "APIverse", "APIverse\APIverse.csproj", "{AA05BB76-A78A-40D9-AD41-AC17D6F5CFCE}"
EndProject
Global
	GlobalSection(SolutionConfigurationPlatforms) = preSolution
		Debug|Any CPU = Debug|Any CPU
		Release|Any CPU = Release|Any CPU
	EndGlobalSection
	GlobalSection(ProjectConfigurationPlatforms) = postSolution
		{AA05BB76-A78A-40D9-AD41-AC17D6F5CFCE}.Debug|Any CPU.ActiveCfg = Debug|Any CPU
		{AA05BB76-A78A-40D9-AD41-AC17D6F5CFCE}.Debug|Any CPU.Build.0 = Debug|Any CPU
		{AA05BB76-A78A-40D9-AD41-AC17D6F5CFCE}.Release|Any CPU.ActiveCfg = Release|Any CPU
		{AA05BB76-A78A-40D9-AD41-AC17D6F5CFCE}.Release|Any CPU.Build.0 = Release|Any CPU
	EndGlobalSection
	GlobalSection(SolutionProperties) = preSolution
		HideSolutionNode = FALSE
	EndGlobalSection
	GlobalSection(ExtensibilityGlobals) = postSolution
		SolutionGuid = {003AEE2F-0831-49BA-BCCD-243832E7CB2F}
	EndGlobalSection
EndGlobal
